<?xml version="1.0" encoding="utf-8"?>
<Project ToolsVersion="4.0" xmlns="http://schemas.microsoft.com/developer/msbuild/2003">
  <ItemGroup>
    <Filter Include="源文件">
      <UniqueIdentifier>{4FC737F1-C7A5-4376-A066-2A32D752A2FF}</UniqueIdentifier>
      <Extensions>cpp;c;cc;cxx;def;odl;idl;hpj;bat;asm;asmx</Extensions>
    </Filter>
    <Filter Include="头文件">
      <UniqueIdentifier>{93995380-89BD-4b04-88EB-625FBE52EBFB}</UniqueIdentifier>
      <Extensions>h;hh;hpp;hxx;hm;inl;inc;ipp;xsd</Extensions>
    </Filter>
    <Filter Include="资源文件">
      <UniqueIdentifier>{67DA6AB6-F800-4c08-8B7A-83BB121AAD01}</UniqueIdentifier>
      <Extensions>rc;ico;cur;bmp;dlg;rc2;rct;bin;rgs;gif;jpg;jpeg;jpe;resx;tiff;tif;png;wav;mfcribbon-ms</Extensions>
    </Filter>
    <Filter Include="源文件\parser">
      <UniqueIdentifier>{46e2da0a-3b4f-432e-b3a2-677f12b1dc36}</UniqueIdentifier>
    </Filter>
    <Filter Include="头文件\parser">
      <UniqueIdentifier>{ad83c2fe-859b-4901-9224-dff6b4d48e96}</UniqueIdentifier>
    </Filter>
    <Filter Include="头文件\semantic">
      <UniqueIdentifier>{80511735-d1c2-4989-b7f4-b443e78e782e}</UniqueIdentifier>
    </Filter>
    <Filter Include="源文件\semantic">
      <UniqueIdentifier>{fe65a064-ed98-4568-9f17-71ec0cd84d32}</UniqueIdentifier>
    </Filter>
    <Filter Include="头文件\AST">
      <UniqueIdentifier>{e198161b-6ea6-4e92-aee6-94f951b23837}</UniqueIdentifier>
    </Filter>
  </ItemGroup>
  <ItemGroup>
    <ClInclude Include="pch.h">
      <Filter>头文件</Filter>
    </ClInclude>
    <ClInclude Include="lexer.h">
      <Filter>头文件\parser</Filter>
    </ClInclude>
    <ClInclude Include="token.h">
      <Filter>头文件\parser</Filter>
    </ClInclude>
    <ClInclude Include="error.h">
      <Filter>头文件</Filter>
    </ClInclude>
    <ClInclude Include="exprHelper.h">
      <Filter>头文件\parser</Filter>
    </ClInclude>
    <ClInclude Include="parser.h">
      <Filter>头文件\parser</Filter>
    </ClInclude>
    <ClInclude Include="position.h">
      <Filter>头文件\parser</Filter>
    </ClInclude>
    <ClInclude Include="symbolTable.h">
      <Filter>头文件\semantic</Filter>
    </ClInclude>
    <ClInclude Include="semanticChecker.h">
      <Filter>头文件\semantic</Filter>
    </ClInclude>
    <ClInclude Include="symbol.h">
      <Filter>头文件\semantic</Filter>
    </ClInclude>
    <ClInclude Include="scope.h">
      <Filter>头文件\semantic</Filter>
    </ClInclude>
    <ClInclude Include="astnode.h">
      <Filter>头文件\AST</Filter>
    </ClInclude>
    <ClInclude Include="visitor.h">
      <Filter>头文件\AST</Filter>
    </ClInclude>
    <ClInclude Include="environment.h">
      <Filter>头文件\semantic</Filter>
    </ClInclude>
    <ClInclude Include="MxComplier.h">
      <Filter>头文件</Filter>
    </ClInclude>
    <ClInclude Include="utility.h">
      <Filter>头文件</Filter>
    </ClInclude>
    <ClInclude Include="GlobalFuncAndClsDecl.h">
      <Filter>头文件\semantic</Filter>
    </ClInclude>
    <ClInclude Include="ClassDeclVisitor.h">
      <Filter>头文件\semantic</Filter>
    </ClInclude>
  </ItemGroup>
  <ItemGroup>
    <ClCompile Include="token.cpp">
      <Filter>源文件\parser</Filter>
    </ClCompile>
    <ClCompile Include="lexer.cpp">
      <Filter>源文件\parser</Filter>
    </ClCompile>
    <ClCompile Include="main.cpp">
      <Filter>源文件</Filter>
    </ClCompile>
    <ClCompile Include="parser.cpp">
      <Filter>源文件\parser</Filter>
    </ClCompile>
    <ClCompile Include="symbolTable.cpp">
      <Filter>源文件\semantic</Filter>
    </ClCompile>
    <ClCompile Include="semanticChecker.cpp">
      <Filter>源文件\semantic</Filter>
    </ClCompile>
    <ClCompile Include="symbol.cpp">
      <Filter>源文件\semantic</Filter>
    </ClCompile>
    <ClCompile Include="scope.cpp">
      <Filter>源文件\semantic</Filter>
    </ClCompile>
    <ClCompile Include="environment.cpp">
      <Filter>源文件\semantic</Filter>
    </ClCompile>
    <ClCompile Include="MxComplier.cpp">
      <Filter>源文件</Filter>
    </ClCompile>
    <ClCompile Include="GlobalFuncDeclVistor.cpp">
      <Filter>源文件\semantic</Filter>
    </ClCompile>
    <ClCompile Include="ClassDeclVisitor.cpp">
      <Filter>源文件</Filter>
    </ClCompile>
  </ItemGroup>
  <ItemGroup>
    <Text Include="code.txt">
      <Filter>资源文件</Filter>
    </Text>
    <Text Include="log.txt">
      <Filter>资源文件</Filter>
    </Text>
  </ItemGroup>
</Project>